
Microsoft Visual Studio Solution File, Format Version 12.00
# Visual Studio 14
VisualStudioVersion = 14.0.25420.1
MinimumVisualStudioVersion = 10.0.40219.1
Project("{FAE04EC0-301F-11D3-BF4B-00C04F79EFBC}") = "Proyecto", "Proyecto\Proyecto.csproj", "{4DC7C580-E035-420F-AECF-AB04324FA535}"
EndProject
Project("{FAE04EC0-301F-11D3-BF4B-00C04F79EFBC}") = "ConsolaDeDatos", "ConsolaDeDatos\ConsolaDeDatos.csproj", "{8BA84218-FC8E-4EEB-82F3-25F6A54F5808}"
EndProject
Global
	GlobalSection(SolutionConfigurationPlatforms) = preSolution
		Debug|Any CPU = Debug|Any CPU
		Release|Any CPU = Release|Any CPU
	EndGlobalSection
	GlobalSection(ProjectConfigurationPlatforms) = postSolution
		{4DC7C580-E035-420F-AECF-AB04324FA535}.Debug|Any CPU.ActiveCfg = Debug|Any CPU
		{4DC7C580-E035-420F-AECF-AB04324FA535}.Debug|Any CPU.Build.0 = Debug|Any CPU
		{4DC7C580-E035-420F-AECF-AB04324FA535}.Release|Any CPU.ActiveCfg = Release|Any CPU
		{4DC7C580-E035-420F-AECF-AB04324FA535}.Release|Any CPU.Build.0 = Release|Any CPU
		{8BA84218-FC8E-4EEB-82F3-25F6A54F5808}.Debug|Any CPU.ActiveCfg = Debug|Any CPU
		{8BA84218-FC8E-4EEB-82F3-25F6A54F5808}.Debug|Any CPU.Build.0 = Debug|Any CPU
		{8BA84218-FC8E-4EEB-82F3-25F6A54F5808}.Release|Any CPU.ActiveCfg = Release|Any CPU
		{8BA84218-FC8E-4EEB-82F3-25F6A54F5808}.Release|Any CPU.Build.0 = Release|Any CPU
	EndGlobalSection
	GlobalSection(SolutionProperties) = preSolution
		HideSolutionNode = FALSE
	EndGlobalSection
EndGlobal
